
Microsoft Visual Studio Solution File, Format Version 12.00
# Visual Studio Version 17
VisualStudioVersion = 17.9.34701.34
MinimumVisualStudioVersion = 10.0.40219.1
Project("{FAE04EC0-301F-11D3-BF4B-00C04F79EFBC}") = "AbstractProject", "AbstractProject\AbstractProject.csproj", "{AE3D5FDF-3697-40D2-AB4B-56A1B8A8CFF1}"
EndProject
Global
	GlobalSection(SolutionConfigurationPlatforms) = preSolution
		Debug|Any CPU = Debug|Any CPU
		Release|Any CPU = Release|Any CPU
	EndGlobalSection
	GlobalSection(ProjectConfigurationPlatforms) = postSolution
		{AE3D5FDF-3697-40D2-AB4B-56A1B8A8CFF1}.Debug|Any CPU.ActiveCfg = Debug|Any CPU
		{AE3D5FDF-3697-40D2-AB4B-56A1B8A8CFF1}.Debug|Any CPU.Build.0 = Debug|Any CPU
		{AE3D5FDF-3697-40D2-AB4B-56A1B8A8CFF1}.Release|Any CPU.ActiveCfg = Release|Any CPU
		{AE3D5FDF-3697-40D2-AB4B-56A1B8A8CFF1}.Release|Any CPU.Build.0 = Release|Any CPU
	EndGlobalSection
	GlobalSection(SolutionProperties) = preSolution
		HideSolutionNode = FALSE
	EndGlobalSection
	GlobalSection(ExtensibilityGlobals) = postSolution
		SolutionGuid = {2A6C8059-D63C-4722-9116-FDCE4FBB7A83}
	EndGlobalSection
EndGlobal
